
Microsoft Visual Studio Solution File, Format Version 12.00
# Visual Studio Version 16
VisualStudioVersion = 16.0.29306.81
MinimumVisualStudioVersion = 10.0.40219.1
Project("{FAE04EC0-301F-11D3-BF4B-00C04F79EFBC}") = "studentProfile", "studentProfile\studentProfile.csproj", "{7FEF2753-1357-40CA-9B95-4F092D5757B6}"
EndProject
Global
	GlobalSection(SolutionConfigurationPlatforms) = preSolution
		Debug|Any CPU = Debug|Any CPU
		Release|Any CPU = Release|Any CPU
	EndGlobalSection
	GlobalSection(ProjectConfigurationPlatforms) = postSolution
		{7FEF2753-1357-40CA-9B95-4F092D5757B6}.Debug|Any CPU.ActiveCfg = Debug|Any CPU
		{7FEF2753-1357-40CA-9B95-4F092D5757B6}.Debug|Any CPU.Build.0 = Debug|Any CPU
		{7FEF2753-1357-40CA-9B95-4F092D5757B6}.Release|Any CPU.ActiveCfg = Release|Any CPU
		{7FEF2753-1357-40CA-9B95-4F092D5757B6}.Release|Any CPU.Build.0 = Release|Any CPU
	EndGlobalSection
	GlobalSection(SolutionProperties) = preSolution
		HideSolutionNode = FALSE
	EndGlobalSection
	GlobalSection(ExtensibilityGlobals) = postSolution
		SolutionGuid = {80962908-9C6E-47CF-B47F-531430A998EA}
	EndGlobalSection
EndGlobal
